{
  "name": "code-start",
  "version": "1.0.0",
  "lockfileVersion": 1,
  "requires": true,
  "dependencies": {
    "webp-converter": {
      "version": "2.3.0",
      "resolved": "https://registry.npmjs.org/webp-converter/-/webp-converter-2.3.0.tgz",
      "integrity": "sha512-FJJm9wYEV2sBhcqdQGgOowaCPdyf1yBAbgJVhI5m62f1lEyiAPgYxLHXmKQs/68DhL7dOyo59sr/LdW1UUBNBg==",
      "dev": true
    }
  }
}
